
Microsoft Visual Studio Solution File, Format Version 12.00
# Visual Studio 15
VisualStudioVersion = 15.0.28010.2003
MinimumVisualStudioVersion = 10.0.40219.1
Project("{FAE04EC0-301F-11D3-BF4B-00C04F79EFBC}") = "TechnicalSkills", "TechnicalSkills\TechnicalSkills.csproj", "{D6627BFF-A125-4B59-A2C9-33999F617FE8}"
EndProject
Global
	GlobalSection(SolutionConfigurationPlatforms) = preSolution
		Debug|Any CPU = Debug|Any CPU
		Release|Any CPU = Release|Any CPU
	EndGlobalSection
	GlobalSection(ProjectConfigurationPlatforms) = postSolution
		{D6627BFF-A125-4B59-A2C9-33999F617FE8}.Debug|Any CPU.ActiveCfg = Debug|Any CPU
		{D6627BFF-A125-4B59-A2C9-33999F617FE8}.Debug|Any CPU.Build.0 = Debug|Any CPU
		{D6627BFF-A125-4B59-A2C9-33999F617FE8}.Release|Any CPU.ActiveCfg = Release|Any CPU
		{D6627BFF-A125-4B59-A2C9-33999F617FE8}.Release|Any CPU.Build.0 = Release|Any CPU
	EndGlobalSection
	GlobalSection(SolutionProperties) = preSolution
		HideSolutionNode = FALSE
	EndGlobalSection
	GlobalSection(ExtensibilityGlobals) = postSolution
		SolutionGuid = {33C5AD05-2C4D-4CE1-B817-C3878D35962D}
	EndGlobalSection
EndGlobal
